// !$*UTF8*$!
{
	archiveVersion = 1;
	classes = {
	};
	objectVersion = 56;
	objects = {

/* Begin PBXBuildFile section */
		7371703A2C3595F5009A3B05 /* DMSans-Bold.ttf in Resources */ = {isa = PBXBuildFile; fileRef = 737170382C3595F5009A3B05 /* DMSans-Bold.ttf */; };
		7371703B2C3595F5009A3B05 /* DMSans_18pt-Regular.ttf in Resources */ = {isa = PBXBuildFile; fileRef = 737170392C3595F5009A3B05 /* DMSans_18pt-Regular.ttf */; };
		73E8869F2C4286AA000687DD /* SubscriptionPage.swift in Sources */ = {isa = PBXBuildFile; fileRef = 73E8869E2C4286AA000687DD /* SubscriptionPage.swift */; };
		B15B3D742C444339006231D3 /* EventRequest.swift in Sources */ = {isa = PBXBuildFile; fileRef = B15B3D732C444339006231D3 /* EventRequest.swift */; };
		B1833FF92C47C25300369063 /* EventListView.swift in Sources */ = {isa = PBXBuildFile; fileRef = B1833FF82C47C25300369063 /* EventListView.swift */; };
		B1F2AC862C3B2EAA0078D41E /* sideMenuBar.swift in Sources */ = {isa = PBXBuildFile; fileRef = B1F2AC812C3B2EAA0078D41E /* sideMenuBar.swift */; };
		B1F2AC872C3B2EAA0078D41E /* AdminDashboard.swift in Sources */ = {isa = PBXBuildFile; fileRef = B1F2AC822C3B2EAA0078D41E /* AdminDashboard.swift */; };
		B1F2AC882C3B2EAA0078D41E /* AdminDashboardStructs.swift in Sources */ = {isa = PBXBuildFile; fileRef = B1F2AC832C3B2EAA0078D41E /* AdminDashboardStructs.swift */; };
		B1F2AC892C3B2EAA0078D41E /* AdminDashboardAnalyicsData.swift in Sources */ = {isa = PBXBuildFile; fileRef = B1F2AC842C3B2EAA0078D41E /* AdminDashboardAnalyicsData.swift */; };
		D0B9B1162C35C42A009521D5 /* FirebaseAuth in Frameworks */ = {isa = PBXBuildFile; productRef = D0B9B1152C35C42A009521D5 /* FirebaseAuth */; };
		FD53DCAB2C3B32F3005D28DB /* BooksCatalogue.swift in Sources */ = {isa = PBXBuildFile; fileRef = FD53DCAA2C3B32F3005D28DB /* BooksCatalogue.swift */; };
		FD53DCAE2C3B3354005D28DB /* DataModel.swift in Sources */ = {isa = PBXBuildFile; fileRef = FD53DCAD2C3B3354005D28DB /* DataModel.swift */; };
		FD53DCB02C3B335C005D28DB /* DataController.swift in Sources */ = {isa = PBXBuildFile; fileRef = FD53DCAF2C3B335C005D28DB /* DataController.swift */; };
		FDC996F22C3AB38100723BFE /* config.plist in Resources */ = {isa = PBXBuildFile; fileRef = FDC996F12C3AB38100723BFE /* config.plist */; };
		FDD1094A2C356FFD00849916 /* Shelves_AdminApp.swift in Sources */ = {isa = PBXBuildFile; fileRef = FDD109492C356FFD00849916 /* Shelves_AdminApp.swift */; };
		FDD1094C2C356FFD00849916 /* AdminLoginView.swift in Sources */ = {isa = PBXBuildFile; fileRef = FDD1094B2C356FFD00849916 /* AdminLoginView.swift */; };
		FDD1094E2C356FFE00849916 /* Assets.xcassets in Resources */ = {isa = PBXBuildFile; fileRef = FDD1094D2C356FFE00849916 /* Assets.xcassets */; };
		FDD109512C356FFE00849916 /* Preview Assets.xcassets in Resources */ = {isa = PBXBuildFile; fileRef = FDD109502C356FFE00849916 /* Preview Assets.xcassets */; };
		FDD109582C35703400849916 /* .gitignore in Resources */ = {isa = PBXBuildFile; fileRef = FDD109572C35703400849916 /* .gitignore */; };
		FDE291D42C3FD19400D65AE0 /* AuthManager.swift in Sources */ = {isa = PBXBuildFile; fileRef = FDE291D32C3FD19400D65AE0 /* AuthManager.swift */; };
		FDEA9CA42C3746B30042367B /* GoogleService-Info.plist in Resources */ = {isa = PBXBuildFile; fileRef = FDEA9CA32C3746B30042367B /* GoogleService-Info.plist */; };
		FDEA9CA62C37C3FC0042367B /* AddLibrarian.swift in Sources */ = {isa = PBXBuildFile; fileRef = FDEA9CA52C37C3FC0042367B /* AddLibrarian.swift */; };
		FDEA9CA82C3924240042367B /* LibrarianData.swift in Sources */ = {isa = PBXBuildFile; fileRef = FDEA9CA72C3924240042367B /* LibrarianData.swift */; };
		FDEA9CAA2C3958210042367B /* FirebaseDatabase in Frameworks */ = {isa = PBXBuildFile; productRef = FDEA9CA92C3958210042367B /* FirebaseDatabase */; };
		FDEA9CAC2C39582F0042367B /* FirebaseDatabaseSwift in Frameworks */ = {isa = PBXBuildFile; productRef = FDEA9CAB2C39582F0042367B /* FirebaseDatabaseSwift */; };
/* End PBXBuildFile section */

/* Begin PBXFileReference section */
		737170382C3595F5009A3B05 /* DMSans-Bold.ttf */ = {isa = PBXFileReference; lastKnownFileType = file; path = "DMSans-Bold.ttf"; sourceTree = "<group>"; };
		737170392C3595F5009A3B05 /* DMSans_18pt-Regular.ttf */ = {isa = PBXFileReference; lastKnownFileType = file; path = "DMSans_18pt-Regular.ttf"; sourceTree = "<group>"; };
		73E8869E2C4286AA000687DD /* SubscriptionPage.swift */ = {isa = PBXFileReference; lastKnownFileType = sourcecode.swift; path = SubscriptionPage.swift; sourceTree = "<group>"; };
		B15B3D732C444339006231D3 /* EventRequest.swift */ = {isa = PBXFileReference; lastKnownFileType = sourcecode.swift; path = EventRequest.swift; sourceTree = "<group>"; };
		B1833FF82C47C25300369063 /* EventListView.swift */ = {isa = PBXFileReference; lastKnownFileType = sourcecode.swift; path = EventListView.swift; sourceTree = "<group>"; };
		B1F2AC812C3B2EAA0078D41E /* sideMenuBar.swift */ = {isa = PBXFileReference; fileEncoding = 4; lastKnownFileType = sourcecode.swift; path = sideMenuBar.swift; sourceTree = "<group>"; };
		B1F2AC822C3B2EAA0078D41E /* AdminDashboard.swift */ = {isa = PBXFileReference; fileEncoding = 4; lastKnownFileType = sourcecode.swift; path = AdminDashboard.swift; sourceTree = "<group>"; };
		B1F2AC832C3B2EAA0078D41E /* AdminDashboardStructs.swift */ = {isa = PBXFileReference; fileEncoding = 4; lastKnownFileType = sourcecode.swift; path = AdminDashboardStructs.swift; sourceTree = "<group>"; };
		B1F2AC842C3B2EAA0078D41E /* AdminDashboardAnalyicsData.swift */ = {isa = PBXFileReference; fileEncoding = 4; lastKnownFileType = sourcecode.swift; path = AdminDashboardAnalyicsData.swift; sourceTree = "<group>"; };
		FD53DCAA2C3B32F3005D28DB /* BooksCatalogue.swift */ = {isa = PBXFileReference; fileEncoding = 4; lastKnownFileType = sourcecode.swift; path = BooksCatalogue.swift; sourceTree = "<group>"; };
		FD53DCAD2C3B3354005D28DB /* DataModel.swift */ = {isa = PBXFileReference; fileEncoding = 4; lastKnownFileType = sourcecode.swift; path = DataModel.swift; sourceTree = "<group>"; };
		FD53DCAF2C3B335C005D28DB /* DataController.swift */ = {isa = PBXFileReference; fileEncoding = 4; lastKnownFileType = sourcecode.swift; path = DataController.swift; sourceTree = "<group>"; };
		FDC996F12C3AB38100723BFE /* config.plist */ = {isa = PBXFileReference; lastKnownFileType = text.plist.xml; path = config.plist; sourceTree = "<group>"; };
		FDD109462C356FFD00849916 /* Shelves-Admin.app */ = {isa = PBXFileReference; explicitFileType = wrapper.application; includeInIndex = 0; path = "Shelves-Admin.app"; sourceTree = BUILT_PRODUCTS_DIR; };
		FDD109492C356FFD00849916 /* Shelves_AdminApp.swift */ = {isa = PBXFileReference; lastKnownFileType = sourcecode.swift; path = Shelves_AdminApp.swift; sourceTree = "<group>"; };
		FDD1094B2C356FFD00849916 /* AdminLoginView.swift */ = {isa = PBXFileReference; lastKnownFileType = sourcecode.swift; path = AdminLoginView.swift; sourceTree = "<group>"; };
		FDD1094D2C356FFE00849916 /* Assets.xcassets */ = {isa = PBXFileReference; lastKnownFileType = folder.assetcatalog; path = Assets.xcassets; sourceTree = "<group>"; };
		FDD109502C356FFE00849916 /* Preview Assets.xcassets */ = {isa = PBXFileReference; lastKnownFileType = folder.assetcatalog; path = "Preview Assets.xcassets"; sourceTree = "<group>"; };
		FDD109572C35703400849916 /* .gitignore */ = {isa = PBXFileReference; fileEncoding = 4; lastKnownFileType = text; path = .gitignore; sourceTree = "<group>"; };
		FDE291D32C3FD19400D65AE0 /* AuthManager.swift */ = {isa = PBXFileReference; lastKnownFileType = sourcecode.swift; path = AuthManager.swift; sourceTree = "<group>"; };
		FDEA9CA32C3746B30042367B /* GoogleService-Info.plist */ = {isa = PBXFileReference; fileEncoding = 4; lastKnownFileType = text.plist.xml; path = "GoogleService-Info.plist"; sourceTree = "<group>"; };
		FDEA9CA52C37C3FC0042367B /* AddLibrarian.swift */ = {isa = PBXFileReference; lastKnownFileType = sourcecode.swift; path = AddLibrarian.swift; sourceTree = "<group>"; };
		FDEA9CA72C3924240042367B /* LibrarianData.swift */ = {isa = PBXFileReference; lastKnownFileType = sourcecode.swift; path = LibrarianData.swift; sourceTree = "<group>"; };
/* End PBXFileReference section */

/* Begin PBXFrameworksBuildPhase section */
		FDD109432C356FFD00849916 /* Frameworks */ = {
			isa = PBXFrameworksBuildPhase;
			buildActionMask = 2147483647;
			files = (
				FDEA9CAC2C39582F0042367B /* FirebaseDatabaseSwift in Frameworks */,
				FDEA9CAA2C3958210042367B /* FirebaseDatabase in Frameworks */,
				D0B9B1162C35C42A009521D5 /* FirebaseAuth in Frameworks */,
			);
			runOnlyForDeploymentPostprocessing = 0;
		};
/* End PBXFrameworksBuildPhase section */

/* Begin PBXGroup section */
		B1F2AC802C3B2E910078D41E /* Dashboard */ = {
			isa = PBXGroup;
			children = (
				B1F2AC822C3B2EAA0078D41E /* AdminDashboard.swift */,
				B1F2AC842C3B2EAA0078D41E /* AdminDashboardAnalyicsData.swift */,
				B1F2AC832C3B2EAA0078D41E /* AdminDashboardStructs.swift */,
				B1F2AC812C3B2EAA0078D41E /* sideMenuBar.swift */,
				B15B3D732C444339006231D3 /* EventRequest.swift */,
				B1833FF82C47C25300369063 /* EventListView.swift */,
			);
			path = Dashboard;
			sourceTree = "<group>";
		};
		D0B9B1142C35C42A009521D5 /* Frameworks */ = {
			isa = PBXGroup;
			children = (
			);
			name = Frameworks;
			sourceTree = "<group>";
		};
		FD53DCAC2C3B333D005D28DB /* BooksCatalogue */ = {
			isa = PBXGroup;
			children = (
				FD53DCAF2C3B335C005D28DB /* DataController.swift */,
				FD53DCAD2C3B3354005D28DB /* DataModel.swift */,
				FD53DCAA2C3B32F3005D28DB /* BooksCatalogue.swift */,
				73E8869E2C4286AA000687DD /* SubscriptionPage.swift */,
			);
			path = BooksCatalogue;
			sourceTree = "<group>";
		};
		FD53DCB12C3B336A005D28DB /* ManageLibrarian */ = {
			isa = PBXGroup;
			children = (
				FDEA9CA72C3924240042367B /* LibrarianData.swift */,
				FDEA9CA52C37C3FC0042367B /* AddLibrarian.swift */,
			);
			path = ManageLibrarian;
			sourceTree = "<group>";
		};
		FDD1093D2C356FFD00849916 = {
			isa = PBXGroup;
			children = (
				FDEA9CA32C3746B30042367B /* GoogleService-Info.plist */,
				FDD109572C35703400849916 /* .gitignore */,
				FDC996F12C3AB38100723BFE /* config.plist */,
				FDD109482C356FFD00849916 /* Shelves-Admin */,
				FDD109472C356FFD00849916 /* Products */,
				D0B9B1142C35C42A009521D5 /* Frameworks */,
			);
			sourceTree = "<group>";
		};
		FDD109472C356FFD00849916 /* Products */ = {
			isa = PBXGroup;
			children = (
				FDD109462C356FFD00849916 /* Shelves-Admin.app */,
			);
			name = Products;
			sourceTree = "<group>";
		};
		FDD109482C356FFD00849916 /* Shelves-Admin */ = {
			isa = PBXGroup;
			children = (
				B1F2AC802C3B2E910078D41E /* Dashboard */,
				FD53DCB12C3B336A005D28DB /* ManageLibrarian */,
				FD53DCAC2C3B333D005D28DB /* BooksCatalogue */,
				FDD109492C356FFD00849916 /* Shelves_AdminApp.swift */,
				FDE291D32C3FD19400D65AE0 /* AuthManager.swift */,
				FDD1094B2C356FFD00849916 /* AdminLoginView.swift */,
				FDD1094D2C356FFE00849916 /* Assets.xcassets */,
				FDD1094F2C356FFE00849916 /* Preview Content */,
			);
			path = "Shelves-Admin";
			sourceTree = "<group>";
		};
		FDD1094F2C356FFE00849916 /* Preview Content */ = {
			isa = PBXGroup;
			children = (
				FDD109502C356FFE00849916 /* Preview Assets.xcassets */,
				737170392C3595F5009A3B05 /* DMSans_18pt-Regular.ttf */,
				737170382C3595F5009A3B05 /* DMSans-Bold.ttf */,
			);
			path = "Preview Content";
			sourceTree = "<group>";
		};
/* End PBXGroup section */

/* Begin PBXNativeTarget section */
		FDD109452C356FFD00849916 /* Shelves-Admin */ = {
			isa = PBXNativeTarget;
			buildConfigurationList = FDD109542C356FFE00849916 /* Build configuration list for PBXNativeTarget "Shelves-Admin" */;
			buildPhases = (
				FDD109422C356FFD00849916 /* Sources */,
				FDD109432C356FFD00849916 /* Frameworks */,
				FDD109442C356FFD00849916 /* Resources */,
			);
			buildRules = (
			);
			dependencies = (
			);
			name = "Shelves-Admin";
			packageProductDependencies = (
				D0B9B1152C35C42A009521D5 /* FirebaseAuth */,
				FDEA9CA92C3958210042367B /* FirebaseDatabase */,
				FDEA9CAB2C39582F0042367B /* FirebaseDatabaseSwift */,
			);
			productName = "Shelves-Admin";
			productReference = FDD109462C356FFD00849916 /* Shelves-Admin.app */;
			productType = "com.apple.product-type.application";
		};
/* End PBXNativeTarget section */

/* Begin PBXProject section */
		FDD1093E2C356FFD00849916 /* Project object */ = {
			isa = PBXProject;
			attributes = {
				BuildIndependentTargetsInParallel = 1;
				LastSwiftUpdateCheck = 1540;
				LastUpgradeCheck = 1540;
				TargetAttributes = {
					FDD109452C356FFD00849916 = {
						CreatedOnToolsVersion = 15.4;
					};
				};
			};
			buildConfigurationList = FDD109412C356FFD00849916 /* Build configuration list for PBXProject "Shelves-Admin" */;
			compatibilityVersion = "Xcode 14.0";
			developmentRegion = en;
			hasScannedForEncodings = 0;
			knownRegions = (
				en,
				Base,
			);
			mainGroup = FDD1093D2C356FFD00849916;
			packageReferences = (
				D0B9B1132C35C392009521D5 /* XCRemoteSwiftPackageReference "firebase-ios-sdk" */,
			);
			productRefGroup = FDD109472C356FFD00849916 /* Products */;
			projectDirPath = "";
			projectRoot = "";
			targets = (
				FDD109452C356FFD00849916 /* Shelves-Admin */,
			);
		};
/* End PBXProject section */

/* Begin PBXResourcesBuildPhase section */
		FDD109442C356FFD00849916 /* Resources */ = {
			isa = PBXResourcesBuildPhase;
			buildActionMask = 2147483647;
			files = (
				FDC996F22C3AB38100723BFE /* config.plist in Resources */,
				FDD109512C356FFE00849916 /* Preview Assets.xcassets in Resources */,
				FDD109582C35703400849916 /* .gitignore in Resources */,
				FDEA9CA42C3746B30042367B /* GoogleService-Info.plist in Resources */,
				7371703B2C3595F5009A3B05 /* DMSans_18pt-Regular.ttf in Resources */,
				FDD1094E2C356FFE00849916 /* Assets.xcassets in Resources */,
				7371703A2C3595F5009A3B05 /* DMSans-Bold.ttf in Resources */,
			);
			runOnlyForDeploymentPostprocessing = 0;
		};
/* End PBXResourcesBuildPhase section */

/* Begin PBXSourcesBuildPhase section */
		FDD109422C356FFD00849916 /* Sources */ = {
			isa = PBXSourcesBuildPhase;
			buildActionMask = 2147483647;
			files = (
				B1F2AC872C3B2EAA0078D41E /* AdminDashboard.swift in Sources */,
				73E8869F2C4286AA000687DD /* SubscriptionPage.swift in Sources */,
				FD53DCB02C3B335C005D28DB /* DataController.swift in Sources */,
				B1F2AC862C3B2EAA0078D41E /* sideMenuBar.swift in Sources */,
				FDE291D42C3FD19400D65AE0 /* AuthManager.swift in Sources */,
				FD53DCAE2C3B3354005D28DB /* DataModel.swift in Sources */,
				B1F2AC892C3B2EAA0078D41E /* AdminDashboardAnalyicsData.swift in Sources */,
				B1833FF92C47C25300369063 /* EventListView.swift in Sources */,
				FDEA9CA82C3924240042367B /* LibrarianData.swift in Sources */,
				FDD1094C2C356FFD00849916 /* AdminLoginView.swift in Sources */,
				FDD1094A2C356FFD00849916 /* Shelves_AdminApp.swift in Sources */,
				FD53DCAB2C3B32F3005D28DB /* BooksCatalogue.swift in Sources */,
				FDEA9CA62C37C3FC0042367B /* AddLibrarian.swift in Sources */,
				B15B3D742C444339006231D3 /* EventRequest.swift in Sources */,
				B1F2AC882C3B2EAA0078D41E /* AdminDashboardStructs.swift in Sources */,
			);
			runOnlyForDeploymentPostprocessing = 0;
		};
/* End PBXSourcesBuildPhase section */

/* Begin XCBuildConfiguration section */
		FDD109522C356FFE00849916 /* Debug */ = {
			isa = XCBuildConfiguration;
			buildSettings = {
				ALWAYS_SEARCH_USER_PATHS = NO;
				ASSETCATALOG_COMPILER_GENERATE_SWIFT_ASSET_SYMBOL_EXTENSIONS = YES;
				CLANG_ANALYZER_NONNULL = YES;
				CLANG_ANALYZER_NUMBER_OBJECT_CONVERSION = YES_AGGRESSIVE;
				CLANG_CXX_LANGUAGE_STANDARD = "gnu++20";
				CLANG_ENABLE_MODULES = YES;
				CLANG_ENABLE_OBJC_ARC = YES;
				CLANG_ENABLE_OBJC_WEAK = YES;
				CLANG_WARN_BLOCK_CAPTURE_AUTORELEASING = YES;
				CLANG_WARN_BOOL_CONVERSION = YES;
				CLANG_WARN_COMMA = YES;
				CLANG_WARN_CONSTANT_CONVERSION = YES;
				CLANG_WARN_DEPRECATED_OBJC_IMPLEMENTATIONS = YES;
				CLANG_WARN_DIRECT_OBJC_ISA_USAGE = YES_ERROR;
				CLANG_WARN_DOCUMENTATION_COMMENTS = YES;
				CLANG_WARN_EMPTY_BODY = YES;
				CLANG_WARN_ENUM_CONVERSION = YES;
				CLANG_WARN_INFINITE_RECURSION = YES;
				CLANG_WARN_INT_CONVERSION = YES;
				CLANG_WARN_NON_LITERAL_NULL_CONVERSION = YES;
				CLANG_WARN_OBJC_IMPLICIT_RETAIN_SELF = YES;
				CLANG_WARN_OBJC_LITERAL_CONVERSION = YES;
				CLANG_WARN_OBJC_ROOT_CLASS = YES_ERROR;
				CLANG_WARN_QUOTED_INCLUDE_IN_FRAMEWORK_HEADER = YES;
				CLANG_WARN_RANGE_LOOP_ANALYSIS = YES;
				CLANG_WARN_STRICT_PROTOTYPES = YES;
				CLANG_WARN_SUSPICIOUS_MOVE = YES;
				CLANG_WARN_UNGUARDED_AVAILABILITY = YES_AGGRESSIVE;
				CLANG_WARN_UNREACHABLE_CODE = YES;
				CLANG_WARN__DUPLICATE_METHOD_MATCH = YES;
				COPY_PHASE_STRIP = NO;
				DEBUG_INFORMATION_FORMAT = dwarf;
				ENABLE_STRICT_OBJC_MSGSEND = YES;
				ENABLE_TESTABILITY = YES;
				ENABLE_USER_SCRIPT_SANDBOXING = YES;
				GCC_C_LANGUAGE_STANDARD = gnu17;
				GCC_DYNAMIC_NO_PIC = NO;
				GCC_NO_COMMON_BLOCKS = YES;
				GCC_OPTIMIZATION_LEVEL = 0;
				GCC_PREPROCESSOR_DEFINITIONS = (
					"DEBUG=1",
					"$(inherited)",
				);
				GCC_WARN_64_TO_32_BIT_CONVERSION = YES;
				GCC_WARN_ABOUT_RETURN_TYPE = YES_ERROR;
				GCC_WARN_UNDECLARED_SELECTOR = YES;
				GCC_WARN_UNINITIALIZED_AUTOS = YES_AGGRESSIVE;
				GCC_WARN_UNUSED_FUNCTION = YES;
				GCC_WARN_UNUSED_VARIABLE = YES;
				IPHONEOS_DEPLOYMENT_TARGET = 17.5;
				LOCALIZATION_PREFERS_STRING_CATALOGS = YES;
				MTL_ENABLE_DEBUG_INFO = INCLUDE_SOURCE;
				MTL_FAST_MATH = YES;
				ONLY_ACTIVE_ARCH = YES;
				SDKROOT = iphoneos;
				SWIFT_ACTIVE_COMPILATION_CONDITIONS = "DEBUG $(inherited)";
				SWIFT_OPTIMIZATION_LEVEL = "-Onone";
			};
			name = Debug;
		};
		FDD109532C356FFE00849916 /* Release */ = {
			isa = XCBuildConfiguration;
			buildSettings = {
				ALWAYS_SEARCH_USER_PATHS = NO;
				ASSETCATALOG_COMPILER_GENERATE_SWIFT_ASSET_SYMBOL_EXTENSIONS = YES;
				CLANG_ANALYZER_NONNULL = YES;
				CLANG_ANALYZER_NUMBER_OBJECT_CONVERSION = YES_AGGRESSIVE;
				CLANG_CXX_LANGUAGE_STANDARD = "gnu++20";
				CLANG_ENABLE_MODULES = YES;
				CLANG_ENABLE_OBJC_ARC = YES;
				CLANG_ENABLE_OBJC_WEAK = YES;
				CLANG_WARN_BLOCK_CAPTURE_AUTORELEASING = YES;
				CLANG_WARN_BOOL_CONVERSION = YES;
				CLANG_WARN_COMMA = YES;
				CLANG_WARN_CONSTANT_CONVERSION = YES;
				CLANG_WARN_DEPRECATED_OBJC_IMPLEMENTATIONS = YES;
				CLANG_WARN_DIRECT_OBJC_ISA_USAGE = YES_ERROR;
				CLANG_WARN_DOCUMENTATION_COMMENTS = YES;
				CLANG_WARN_EMPTY_BODY = YES;
				CLANG_WARN_ENUM_CONVERSION = YES;
				CLANG_WARN_INFINITE_RECURSION = YES;
				CLANG_WARN_INT_CONVERSION = YES;
				CLANG_WARN_NON_LITERAL_NULL_CONVERSION = YES;
				CLANG_WARN_OBJC_IMPLICIT_RETAIN_SELF = YES;
				CLANG_WARN_OBJC_LITERAL_CONVERSION = YES;
				CLANG_WARN_OBJC_ROOT_CLASS = YES_ERROR;
				CLANG_WARN_QUOTED_INCLUDE_IN_FRAMEWORK_HEADER = YES;
				CLANG_WARN_RANGE_LOOP_ANALYSIS = YES;
				CLANG_WARN_STRICT_PROTOTYPES = YES;
				CLANG_WARN_SUSPICIOUS_MOVE = YES;
				CLANG_WARN_UNGUARDED_AVAILABILITY = YES_AGGRESSIVE;
				CLANG_WARN_UNREACHABLE_CODE = YES;
				CLANG_WARN__DUPLICATE_METHOD_MATCH = YES;
				COPY_PHASE_STRIP = NO;
				DEBUG_INFORMATION_FORMAT = "dwarf-with-dsym";
				ENABLE_NS_ASSERTIONS = NO;
				ENABLE_STRICT_OBJC_MSGSEND = YES;
				ENABLE_USER_SCRIPT_SANDBOXING = YES;
				GCC_C_LANGUAGE_STANDARD = gnu17;
				GCC_NO_COMMON_BLOCKS = YES;
				GCC_WARN_64_TO_32_BIT_CONVERSION = YES;
				GCC_WARN_ABOUT_RETURN_TYPE = YES_ERROR;
				GCC_WARN_UNDECLARED_SELECTOR = YES;
				GCC_WARN_UNINITIALIZED_AUTOS = YES_AGGRESSIVE;
				GCC_WARN_UNUSED_FUNCTION = YES;
				GCC_WARN_UNUSED_VARIABLE = YES;
				IPHONEOS_DEPLOYMENT_TARGET = 17.5;
				LOCALIZATION_PREFERS_STRING_CATALOGS = YES;
				MTL_ENABLE_DEBUG_INFO = NO;
				MTL_FAST_MATH = YES;
				SDKROOT = iphoneos;
				SWIFT_COMPILATION_MODE = wholemodule;
				VALIDATE_PRODUCT = YES;
			};
			name = Release;
		};
		FDD109552C356FFE00849916 /* Debug */ = {
			isa = XCBuildConfiguration;
			buildSettings = {
				ASSETCATALOG_COMPILER_APPICON_NAME = AppIcon;
				ASSETCATALOG_COMPILER_GLOBAL_ACCENT_COLOR_NAME = AccentColor;
				CODE_SIGN_STYLE = Automatic;
				CURRENT_PROJECT_VERSION = 1;
				DEVELOPMENT_ASSET_PATHS = "\"Shelves-Admin/Preview Content\"";
				DEVELOPMENT_TEAM = L9X5P4T6V4;
				ENABLE_PREVIEWS = YES;
				GENERATE_INFOPLIST_FILE = YES;
				INFOPLIST_FILE = "Shelves-Admin/Info.plist";
				INFOPLIST_KEY_UIApplicationSceneManifest_Generation = YES;
				INFOPLIST_KEY_UIApplicationSupportsIndirectInputEvents = YES;
				INFOPLIST_KEY_UILaunchScreen_Generation = YES;
				INFOPLIST_KEY_UISupportedInterfaceOrientations = "UIInterfaceOrientationLandscapeLeft UIInterfaceOrientationLandscapeRight";
				LD_RUNPATH_SEARCH_PATHS = (
					"$(inherited)",
					"@executable_path/Frameworks",
				);
				MARKETING_VERSION = 1.0;
				PRODUCT_BUNDLE_IDENTIFIER = "com.team1.Shelves-Admin";
				PRODUCT_NAME = "$(TARGET_NAME)";
				SWIFT_EMIT_LOC_STRINGS = YES;
				SWIFT_VERSION = 5.0;
				TARGETED_DEVICE_FAMILY = "1,2";
			};
			name = Debug;
		};
		FDD109562C356FFE00849916 /* Release */ = {
			isa = XCBuildConfiguration;
			buildSettings = {
				ASSETCATALOG_COMPILER_APPICON_NAME = AppIcon;
				ASSETCATALOG_COMPILER_GLOBAL_ACCENT_COLOR_NAME = AccentColor;
				CODE_SIGN_STYLE = Automatic;
				CURRENT_PROJECT_VERSION = 1;
				DEVELOPMENT_ASSET_PATHS = "\"Shelves-Admin/Preview Content\"";
				DEVELOPMENT_TEAM = L9X5P4T6V4;
				ENABLE_PREVIEWS = YES;
				GENERATE_INFOPLIST_FILE = YES;
				INFOPLIST_FILE = "Shelves-Admin/Info.plist";
				INFOPLIST_KEY_UIApplicationSceneManifest_Generation = YES;
				INFOPLIST_KEY_UIApplicationSupportsIndirectInputEvents = YES;
				INFOPLIST_KEY_UILaunchScreen_Generation = YES;
				INFOPLIST_KEY_UISupportedInterfaceOrientations = "UIInterfaceOrientationLandscapeLeft UIInterfaceOrientationLandscapeRight";
				LD_RUNPATH_SEARCH_PATHS = (
					"$(inherited)",
					"@executable_path/Frameworks",
				);
				MARKETING_VERSION = 1.0;
				PRODUCT_BUNDLE_IDENTIFIER = "com.team1.Shelves-Admin";
				PRODUCT_NAME = "$(TARGET_NAME)";
				SWIFT_EMIT_LOC_STRINGS = YES;
				SWIFT_VERSION = 5.0;
				TARGETED_DEVICE_FAMILY = "1,2";
			};
			name = Release;
		};
/* End XCBuildConfiguration section */

/* Begin XCConfigurationList section */
		FDD109412C356FFD00849916 /* Build configuration list for PBXProject "Shelves-Admin" */ = {
			isa = XCConfigurationList;
			buildConfigurations = (
				FDD109522C356FFE00849916 /* Debug */,
				FDD109532C356FFE00849916 /* Release */,
			);
			defaultConfigurationIsVisible = 0;
			defaultConfigurationName = Release;
		};
		FDD109542C356FFE00849916 /* Build configuration list for PBXNativeTarget "Shelves-Admin" */ = {
			isa = XCConfigurationList;
			buildConfigurations = (
				FDD109552C356FFE00849916 /* Debug */,
				FDD109562C356FFE00849916 /* Release */,
			);
			defaultConfigurationIsVisible = 0;
			defaultConfigurationName = Release;
		};
/* End XCConfigurationList section */

/* Begin XCRemoteSwiftPackageReference section */
		D0B9B1132C35C392009521D5 /* XCRemoteSwiftPackageReference "firebase-ios-sdk" */ = {
			isa = XCRemoteSwiftPackageReference;
			repositoryURL = "https://github.com/firebase/firebase-ios-sdk";
			requirement = {
				kind = upToNextMajorVersion;
				minimumVersion = 10.28.1;
			};
		};
/* End XCRemoteSwiftPackageReference section */

/* Begin XCSwiftPackageProductDependency section */
		D0B9B1152C35C42A009521D5 /* FirebaseAuth */ = {
			isa = XCSwiftPackageProductDependency;
			package = D0B9B1132C35C392009521D5 /* XCRemoteSwiftPackageReference "firebase-ios-sdk" */;
			productName = FirebaseAuth;
		};
		FDEA9CA92C3958210042367B /* FirebaseDatabase */ = {
			isa = XCSwiftPackageProductDependency;
			package = D0B9B1132C35C392009521D5 /* XCRemoteSwiftPackageReference "firebase-ios-sdk" */;
			productName = FirebaseDatabase;
		};
		FDEA9CAB2C39582F0042367B /* FirebaseDatabaseSwift */ = {
			isa = XCSwiftPackageProductDependency;
			package = D0B9B1132C35C392009521D5 /* XCRemoteSwiftPackageReference "firebase-ios-sdk" */;
			productName = FirebaseDatabaseSwift;
		};
/* End XCSwiftPackageProductDependency section */
	};
	rootObject = FDD1093E2C356FFD00849916 /* Project object */;
}
